
Microsoft Visual Studio Solution File, Format Version 12.00
# Visual Studio Version 16
VisualStudioVersion = 16.0.808.5
MinimumVisualStudioVersion = 10.0.40219.1
Project("{FAE04EC0-301F-11D3-BF4B-00C04F79EFBC}") = "LostAndFound", "LostAndFound\LostAndFound.csproj", "{4305893D-D39A-4D4C-BE2C-D0BA64E67350}"
EndProject
Global
	GlobalSection(SolutionConfigurationPlatforms) = preSolution
		Debug|Any CPU = Debug|Any CPU
		Release|Any CPU = Release|Any CPU
	EndGlobalSection
	GlobalSection(ProjectConfigurationPlatforms) = postSolution
		{4305893D-D39A-4D4C-BE2C-D0BA64E67350}.Debug|Any CPU.ActiveCfg = Debug|Any CPU
		{4305893D-D39A-4D4C-BE2C-D0BA64E67350}.Debug|Any CPU.Build.0 = Debug|Any CPU
		{4305893D-D39A-4D4C-BE2C-D0BA64E67350}.Release|Any CPU.ActiveCfg = Release|Any CPU
		{4305893D-D39A-4D4C-BE2C-D0BA64E67350}.Release|Any CPU.Build.0 = Release|Any CPU
	EndGlobalSection
	GlobalSection(SolutionProperties) = preSolution
		HideSolutionNode = FALSE
	EndGlobalSection
	GlobalSection(ExtensibilityGlobals) = postSolution
		SolutionGuid = {F09B46D8-650D-4D5E-A979-8CD9336343C7}
	EndGlobalSection
EndGlobal
